
Microsoft Visual Studio Solution File, Format Version 12.00
# Visual Studio Version 17
VisualStudioVersion = 17.12.35527.113 d17.12
MinimumVisualStudioVersion = 10.0.40219.1
Project("{FAE04EC0-301F-11D3-BF4B-00C04F79EFBC}") = "CloSpan", "CloSpan.csproj", "{8B97F633-BE07-4C6D-8CBB-3F3A7D870A58}"
EndProject
Global
	GlobalSection(SolutionConfigurationPlatforms) = preSolution
		Debug|Any CPU = Debug|Any CPU
		Release|Any CPU = Release|Any CPU
	EndGlobalSection
	GlobalSection(ProjectConfigurationPlatforms) = postSolution
		{8B97F633-BE07-4C6D-8CBB-3F3A7D870A58}.Debug|Any CPU.ActiveCfg = Debug|Any CPU
		{8B97F633-BE07-4C6D-8CBB-3F3A7D870A58}.Debug|Any CPU.Build.0 = Debug|Any CPU
		{8B97F633-BE07-4C6D-8CBB-3F3A7D870A58}.Release|Any CPU.ActiveCfg = Release|Any CPU
		{8B97F633-BE07-4C6D-8CBB-3F3A7D870A58}.Release|Any CPU.Build.0 = Release|Any CPU
	EndGlobalSection
	GlobalSection(SolutionProperties) = preSolution
		HideSolutionNode = FALSE
	EndGlobalSection
EndGlobal
